# This file was autogenerated by uv via the following command:
#    uv pip compile requirements.txt -o requirements.lock --python-platform x86_64-unknown-linux-gnu
annotated-doc==0.0.5
    # via
    #   fastapi
    #   typer
annotated-types==0.8.0
    # via pydantic
anyio==4.15.0
    # via
    #   httpx
    #   starlette
    #   watchfiles
certifi==2022.12.7
    # via
    #   httpcore
    #   httpx
click==8.5.0
    # via
    #   huggingface-hub
    #   uvicorn
faiss-cpu==1.15.0
    # via -r requirements.txt
fastapi==0.141.1
    # via -r requirements.txt
filelock==3.32.3
    # via
    #   huggingface-hub
    #   torch
flatbuffers==25.12.19
    # via onnxruntime
fsspec==2026.7.0
    # via
    #   huggingface-hub
    #   torch
h11==0.16.0
    # via
    #   httpcore
    #   uvicorn
hf-xet==1.6.0
    # via huggingface-hub
httpcore==1.0.9
    # via httpx
httptools==0.8.0
    # via uvicorn
httpx==0.28.1
    # via huggingface-hub
huggingface-hub==1.30.0
    # via
    #   -r requirements.txt
    #   tokenizers
    #   transformers
idna==3.4
    # via
    #   anyio
    #   httpx
jinja2==3.1.6
    # via torch
markdown-it-py==4.2.0
    # via rich
markupsafe==3.0.3
    # via jinja2
mdurl==0.1.2
    # via markdown-it-py
ml-dtypes==0.6.0
    # via onnx
mpmath==1.3.0
    # via sympy
networkx==3.6.1
    # via torch
numpy==2.5.2
    # via
    #   -r requirements.txt
    #   faiss-cpu
    #   ml-dtypes
    #   onnx
    #   onnxruntime
    #   torchvision
    #   transformers
onnx==1.22.0
    # via -r requirements.txt
onnxruntime==1.29.0
    # via -r requirements.txt
packaging==24.1
    # via
    #   faiss-cpu
    #   huggingface-hub
    #   onnxruntime
    #   transformers
pillow==12.3.0
    # via
    #   -r requirements.txt
    #   torchvision
protobuf==7.36.1
    # via
    #   onnx
    #   onnxruntime
pydantic==2.13.5
    # via
    #   -r requirements.txt
    #   fastapi
pydantic-core==2.46.5
    # via pydantic
pygments==2.21.0
    # via rich
python-dotenv==1.2.3
    # via uvicorn
python-multipart==0.0.32
    # via -r requirements.txt
pyyaml==6.0.3
    # via
    #   -r requirements.txt
    #   huggingface-hub
    #   transformers
    #   uvicorn
regex==2026.9.3
    # via transformers
rich==15.0.0
    # via typer
safetensors==0.8.0
    # via transformers
setuptools==78.1.0
    # via torch
shellingham==1.5.4
    # via typer
starlette==1.6.0
    # via fastapi
sympy==1.14.0
    # via torch
tokenizers==0.23.2
    # via transformers
torch==2.14.0+cpu
    # via
    #   -r requirements.txt
    #   torchvision
torchvision==0.29.0+cpu
    # via -r requirements.txt
tqdm==4.66.5
    # via
    #   -r requirements.txt
    #   huggingface-hub
    #   transformers
transformers==5.16.1
    # via -r requirements.txt
typer==0.27.2
    # via transformers
typing-extensions==4.16.0
    # via
    #   anyio
    #   fastapi
    #   huggingface-hub
    #   onnx
    #   pydantic
    #   pydantic-core
    #   starlette
    #   torch
    #   typing-inspection
typing-inspection==0.4.4
    # via
    #   fastapi
    #   pydantic
uvicorn==0.52.4
    # via -r requirements.txt
uvloop==0.22.1
    # via uvicorn
watchfiles==1.2.0
    # via uvicorn
websockets==17.1
    # via uvicorn
